# This file is autogenerated, do not edit; changes may be undone by the next 'dep ensure'.


[[projects]]
  branch = "master"
  name = "github.com/3d0c/gmf"
  packages = ["."]
  revision = "c87ea97893a8577c492af7e9fd50afb19ea20988"

[solve-meta]
  analyzer-name = "dep"
  analyzer-version = 1
  inputs-digest = "2f38709465afc88b2e2d87fb16341e642710dc9ae075c0e6e900e8cd35e84008"
  solver-name = "gps-cdcl"
  solver-version = 1
